
Microsoft Visual Studio Solution File, Format Version 12.00
# Visual Studio Version 17
VisualStudioVersion = 17.11.35222.181
MinimumVisualStudioVersion = 10.0.40219.1
Project("{9A19103F-16F7-4668-BE54-9A1E7A4F7556}") = "EsTuMajeur", "EsTuMajeur\EsTuMajeur.csproj", "{B1906A8F-7429-48A7-8BF9-DF0E210ADF8F}"
EndProject
Project("{9A19103F-16F7-4668-BE54-9A1E7A4F7556}") = "MaRetraite", "MaRetraite\MaRetraite.csproj", "{8DB91BD8-F431-4EF3-9E11-492EC14BF026}"
EndProject
Project("{9A19103F-16F7-4668-BE54-9A1E7A4F7556}") = "Exercice-2a1-tri-de-nombres", "Exercice-2a1-tri-de-nombres\Exercice-2a1-tri-de-nombres.csproj", "{5129316E-0938-43B8-AF69-DFEABE8F1B82}"
EndProject
Project("{9A19103F-16F7-4668-BE54-9A1E7A4F7556}") = "Exercice2a1TriDeNombresV2", "Exercice2a1TriDeNombresV2\Exercice2a1TriDeNombresV2.csproj", "{0DAB5C46-3B9B-4AB0-BCEE-02991879B514}"
EndProject
Project("{9A19103F-16F7-4668-BE54-9A1E7A4F7556}") = "TriDeNombre", "TriDeNombre\TriDeNombre.csproj", "{334B5E4D-1711-494C-ACC5-E810830D1A5F}"
EndProject
Project("{9A19103F-16F7-4668-BE54-9A1E7A4F7556}") = "TriDeNombreV2", "TriDeNombreV2\TriDeNombreV2.csproj", "{0FB7FC78-03A1-4DDC-9B55-5A4B10E151FA}"
EndProject
Project("{9A19103F-16F7-4668-BE54-9A1E7A4F7556}") = "MaBicyclette", "MaBicyclette\MaBicyclette.csproj", "{EE97DEE5-D29F-47B6-AF71-EB10038D3728}"
EndProject
Project("{9A19103F-16F7-4668-BE54-9A1E7A4F7556}") = "ControlerLaSaisie", "Contrôler la saisie\ControlerLaSaisie.csproj", "{54488AB9-07E9-41F9-9198-9E8618EC8DCA}"
EndProject
Project("{9A19103F-16F7-4668-BE54-9A1E7A4F7556}") = "controleLaSaisieAvecLimite", "controleLaSaisieAvecLimite\controleLaSaisieAvecLimite.csproj", "{7E7A37B7-D8A5-46E3-83D5-E095EDD1A842}"
EndProject
Project("{9A19103F-16F7-4668-BE54-9A1E7A4F7556}") = "IntervalleEntre2Nombres", "IntervalleEntre2Nombres\IntervalleEntre2Nombres.csproj", "{F9F08080-456F-46C7-BDEE-B8514D252341}"
EndProject
Project("{9A19103F-16F7-4668-BE54-9A1E7A4F7556}") = "NombrePremierPasFait", "NombrePremier\NombrePremierPasFait.csproj", "{96E6B60D-2245-44F4-8FAE-08AEF07C3BEB}"
EndProject
Project("{9A19103F-16F7-4668-BE54-9A1E7A4F7556}") = "rechercheDesDiviseursDunNombrePasFait", "rechercheDesDiviseursDunNombre\rechercheDesDiviseursDunNombrePasFait.csproj", "{12C727D1-6711-4FCB-BFEF-D7E8460F8285}"
EndProject
Project("{9A19103F-16F7-4668-BE54-9A1E7A4F7556}") = "jeuDeLaFourchette", "jeuDeLaFourchette\jeuDeLaFourchette.csproj", "{C90F54D2-E265-49C5-A439-55779310F2DC}"
EndProject
Project("{9A19103F-16F7-4668-BE54-9A1E7A4F7556}") = "BarnabeFaitSesCourses", "BarnabeFaitSesCourses\BarnabeFaitSesCourses.csproj", "{0A45E9A7-1BA0-4AA8-AA2A-F74111FF770D}"
EndProject
Project("{9A19103F-16F7-4668-BE54-9A1E7A4F7556}") = "rechercherUnNombreDansUnTableau", "tableauxPartieCinq\rechercherUnNombreDansUnTableau.csproj", "{3B9D1608-9B05-4BAB-AE21-8F80E8E6D039}"
EndProject
Project("{9A19103F-16F7-4668-BE54-9A1E7A4F7556}") = "rechercherLeNombreDoccurencesDuneLettreDansUnePhrase", "rechercherLeNombreDoccurencesDuneLettreDansUnePhrase\rechercherLeNombreDoccurencesDuneLettreDansUnePhrase.csproj", "{230862F1-3A36-41DA-82E4-6251932642AD}"
EndProject
Project("{9A19103F-16F7-4668-BE54-9A1E7A4F7556}") = "RechercherLeNombreOccurencesUneLettreDansUnePhraseVdeux", "RechercherLeNombreOccurencesUneLettreDansUnePhraseVdeux\RechercherLeNombreOccurencesUneLettreDansUnePhraseVdeux.csproj", "{648F2FC1-9168-4403-8D36-9411E6C1172B}"
EndProject
Project("{9A19103F-16F7-4668-BE54-9A1E7A4F7556}") = "DenombrerLesLettresDeLalphabetDansUnTableau", "DenombrerLesLettresDeLalphabetDansUnTableau\DenombrerLesLettresDeLalphabetDansUnTableau.csproj", "{D73069F2-DBEB-44CD-BCF3-496BA055443F}"
EndProject
Project("{9A19103F-16F7-4668-BE54-9A1E7A4F7556}") = "LesCapitales", "LesCapitales\LesCapitales.csproj", "{D68BD337-F2DB-4F70-8E01-CCB98B562F08}"
EndProject
Project("{9A19103F-16F7-4668-BE54-9A1E7A4F7556}") = "ImportentRegex", "ImportentRegex\ImportentRegex.csproj", "{D7A5F955-308C-4D30-A744-AD5883AB6222}"
EndProject
Project("{9A19103F-16F7-4668-BE54-9A1E7A4F7556}") = "BouclesMotDePasseSecursPasDeMoi", "BouclesMotDePasseSecursPasDeMoi\BouclesMotDePasseSecursPasDeMoi.csproj", "{DB7EC84B-3FF9-4032-8747-098884253BC4}"
EndProject
Project("{9A19103F-16F7-4668-BE54-9A1E7A4F7556}") = "motDePasseLong", "motDePasseLong\motDePasseLong.csproj", "{F78A6CE9-4260-42F6-97EF-D946108C029F}"
EndProject
Project("{9A19103F-16F7-4668-BE54-9A1E7A4F7556}") = "BheraultTools", "BheraultTools\BheraultTools.csproj", "{3C7D8111-896D-4697-9D4D-4A8BD744F596}"
EndProject
Project("{9A19103F-16F7-4668-BE54-9A1E7A4F7556}") = "numeroTelephone", "numeroTelephone\numeroTelephone.csproj", "{DD7C4420-4711-40D3-BD0C-D73F4E9576C9}"
EndProject
Project("{9A19103F-16F7-4668-BE54-9A1E7A4F7556}") = "carteCrm", "carteCrm\carteCrm.csproj", "{D532F6FC-BDDC-4D1D-BBFD-0A9553E3259E}"
EndProject
Project("{FAE04EC0-301F-11D3-BF4B-00C04F79EFBC}") = "tableauxEtBoucle", "tableauxEtBoucle\tableauxEtBoucle.csproj", "{E8F8EE9D-A458-414F-AE77-786730029FBB}"
EndProject
Global
	GlobalSection(SolutionConfigurationPlatforms) = preSolution
		Debug|Any CPU = Debug|Any CPU
		Release|Any CPU = Release|Any CPU
	EndGlobalSection
	GlobalSection(ProjectConfigurationPlatforms) = postSolution
		{B1906A8F-7429-48A7-8BF9-DF0E210ADF8F}.Debug|Any CPU.ActiveCfg = Debug|Any CPU
		{B1906A8F-7429-48A7-8BF9-DF0E210ADF8F}.Debug|Any CPU.Build.0 = Debug|Any CPU
		{B1906A8F-7429-48A7-8BF9-DF0E210ADF8F}.Release|Any CPU.ActiveCfg = Release|Any CPU
		{B1906A8F-7429-48A7-8BF9-DF0E210ADF8F}.Release|Any CPU.Build.0 = Release|Any CPU
		{8DB91BD8-F431-4EF3-9E11-492EC14BF026}.Debug|Any CPU.ActiveCfg = Debug|Any CPU
		{8DB91BD8-F431-4EF3-9E11-492EC14BF026}.Debug|Any CPU.Build.0 = Debug|Any CPU
		{8DB91BD8-F431-4EF3-9E11-492EC14BF026}.Release|Any CPU.ActiveCfg = Release|Any CPU
		{8DB91BD8-F431-4EF3-9E11-492EC14BF026}.Release|Any CPU.Build.0 = Release|Any CPU
		{5129316E-0938-43B8-AF69-DFEABE8F1B82}.Debug|Any CPU.ActiveCfg = Debug|Any CPU
		{5129316E-0938-43B8-AF69-DFEABE8F1B82}.Debug|Any CPU.Build.0 = Debug|Any CPU
		{5129316E-0938-43B8-AF69-DFEABE8F1B82}.Release|Any CPU.ActiveCfg = Release|Any CPU
		{5129316E-0938-43B8-AF69-DFEABE8F1B82}.Release|Any CPU.Build.0 = Release|Any CPU
		{0DAB5C46-3B9B-4AB0-BCEE-02991879B514}.Debug|Any CPU.ActiveCfg = Debug|Any CPU
		{0DAB5C46-3B9B-4AB0-BCEE-02991879B514}.Debug|Any CPU.Build.0 = Debug|Any CPU
		{0DAB5C46-3B9B-4AB0-BCEE-02991879B514}.Release|Any CPU.ActiveCfg = Release|Any CPU
		{0DAB5C46-3B9B-4AB0-BCEE-02991879B514}.Release|Any CPU.Build.0 = Release|Any CPU
		{334B5E4D-1711-494C-ACC5-E810830D1A5F}.Debug|Any CPU.ActiveCfg = Debug|Any CPU
		{334B5E4D-1711-494C-ACC5-E810830D1A5F}.Debug|Any CPU.Build.0 = Debug|Any CPU
		{334B5E4D-1711-494C-ACC5-E810830D1A5F}.Release|Any CPU.ActiveCfg = Release|Any CPU
		{334B5E4D-1711-494C-ACC5-E810830D1A5F}.Release|Any CPU.Build.0 = Release|Any CPU
		{0FB7FC78-03A1-4DDC-9B55-5A4B10E151FA}.Debug|Any CPU.ActiveCfg = Debug|Any CPU
		{0FB7FC78-03A1-4DDC-9B55-5A4B10E151FA}.Debug|Any CPU.Build.0 = Debug|Any CPU
		{0FB7FC78-03A1-4DDC-9B55-5A4B10E151FA}.Release|Any CPU.ActiveCfg = Release|Any CPU
		{0FB7FC78-03A1-4DDC-9B55-5A4B10E151FA}.Release|Any CPU.Build.0 = Release|Any CPU
		{EE97DEE5-D29F-47B6-AF71-EB10038D3728}.Debug|Any CPU.ActiveCfg = Debug|Any CPU
		{EE97DEE5-D29F-47B6-AF71-EB10038D3728}.Debug|Any CPU.Build.0 = Debug|Any CPU
		{EE97DEE5-D29F-47B6-AF71-EB10038D3728}.Release|Any CPU.ActiveCfg = Release|Any CPU
		{EE97DEE5-D29F-47B6-AF71-EB10038D3728}.Release|Any CPU.Build.0 = Release|Any CPU
		{54488AB9-07E9-41F9-9198-9E8618EC8DCA}.Debug|Any CPU.ActiveCfg = Debug|Any CPU
		{54488AB9-07E9-41F9-9198-9E8618EC8DCA}.Debug|Any CPU.Build.0 = Debug|Any CPU
		{54488AB9-07E9-41F9-9198-9E8618EC8DCA}.Release|Any CPU.ActiveCfg = Release|Any CPU
		{54488AB9-07E9-41F9-9198-9E8618EC8DCA}.Release|Any CPU.Build.0 = Release|Any CPU
		{7E7A37B7-D8A5-46E3-83D5-E095EDD1A842}.Debug|Any CPU.ActiveCfg = Debug|Any CPU
		{7E7A37B7-D8A5-46E3-83D5-E095EDD1A842}.Debug|Any CPU.Build.0 = Debug|Any CPU
		{7E7A37B7-D8A5-46E3-83D5-E095EDD1A842}.Release|Any CPU.ActiveCfg = Release|Any CPU
		{7E7A37B7-D8A5-46E3-83D5-E095EDD1A842}.Release|Any CPU.Build.0 = Release|Any CPU
		{F9F08080-456F-46C7-BDEE-B8514D252341}.Debug|Any CPU.ActiveCfg = Debug|Any CPU
		{F9F08080-456F-46C7-BDEE-B8514D252341}.Debug|Any CPU.Build.0 = Debug|Any CPU
		{F9F08080-456F-46C7-BDEE-B8514D252341}.Release|Any CPU.ActiveCfg = Release|Any CPU
		{F9F08080-456F-46C7-BDEE-B8514D252341}.Release|Any CPU.Build.0 = Release|Any CPU
		{96E6B60D-2245-44F4-8FAE-08AEF07C3BEB}.Debug|Any CPU.ActiveCfg = Debug|Any CPU
		{96E6B60D-2245-44F4-8FAE-08AEF07C3BEB}.Debug|Any CPU.Build.0 = Debug|Any CPU
		{96E6B60D-2245-44F4-8FAE-08AEF07C3BEB}.Release|Any CPU.ActiveCfg = Release|Any CPU
		{96E6B60D-2245-44F4-8FAE-08AEF07C3BEB}.Release|Any CPU.Build.0 = Release|Any CPU
		{12C727D1-6711-4FCB-BFEF-D7E8460F8285}.Debug|Any CPU.ActiveCfg = Debug|Any CPU
		{12C727D1-6711-4FCB-BFEF-D7E8460F8285}.Debug|Any CPU.Build.0 = Debug|Any CPU
		{12C727D1-6711-4FCB-BFEF-D7E8460F8285}.Release|Any CPU.ActiveCfg = Release|Any CPU
		{12C727D1-6711-4FCB-BFEF-D7E8460F8285}.Release|Any CPU.Build.0 = Release|Any CPU
		{C90F54D2-E265-49C5-A439-55779310F2DC}.Debug|Any CPU.ActiveCfg = Debug|Any CPU
		{C90F54D2-E265-49C5-A439-55779310F2DC}.Debug|Any CPU.Build.0 = Debug|Any CPU
		{C90F54D2-E265-49C5-A439-55779310F2DC}.Release|Any CPU.ActiveCfg = Release|Any CPU
		{C90F54D2-E265-49C5-A439-55779310F2DC}.Release|Any CPU.Build.0 = Release|Any CPU
		{0A45E9A7-1BA0-4AA8-AA2A-F74111FF770D}.Debug|Any CPU.ActiveCfg = Debug|Any CPU
		{0A45E9A7-1BA0-4AA8-AA2A-F74111FF770D}.Debug|Any CPU.Build.0 = Debug|Any CPU
		{0A45E9A7-1BA0-4AA8-AA2A-F74111FF770D}.Release|Any CPU.ActiveCfg = Release|Any CPU
		{0A45E9A7-1BA0-4AA8-AA2A-F74111FF770D}.Release|Any CPU.Build.0 = Release|Any CPU
		{3B9D1608-9B05-4BAB-AE21-8F80E8E6D039}.Debug|Any CPU.ActiveCfg = Debug|Any CPU
		{3B9D1608-9B05-4BAB-AE21-8F80E8E6D039}.Debug|Any CPU.Build.0 = Debug|Any CPU
		{3B9D1608-9B05-4BAB-AE21-8F80E8E6D039}.Release|Any CPU.ActiveCfg = Release|Any CPU
		{3B9D1608-9B05-4BAB-AE21-8F80E8E6D039}.Release|Any CPU.Build.0 = Release|Any CPU
		{230862F1-3A36-41DA-82E4-6251932642AD}.Debug|Any CPU.ActiveCfg = Debug|Any CPU
		{230862F1-3A36-41DA-82E4-6251932642AD}.Debug|Any CPU.Build.0 = Debug|Any CPU
		{230862F1-3A36-41DA-82E4-6251932642AD}.Release|Any CPU.ActiveCfg = Release|Any CPU
		{230862F1-3A36-41DA-82E4-6251932642AD}.Release|Any CPU.Build.0 = Release|Any CPU
		{648F2FC1-9168-4403-8D36-9411E6C1172B}.Debug|Any CPU.ActiveCfg = Debug|Any CPU
		{648F2FC1-9168-4403-8D36-9411E6C1172B}.Debug|Any CPU.Build.0 = Debug|Any CPU
		{648F2FC1-9168-4403-8D36-9411E6C1172B}.Release|Any CPU.ActiveCfg = Release|Any CPU
		{648F2FC1-9168-4403-8D36-9411E6C1172B}.Release|Any CPU.Build.0 = Release|Any CPU
		{D73069F2-DBEB-44CD-BCF3-496BA055443F}.Debug|Any CPU.ActiveCfg = Debug|Any CPU
		{D73069F2-DBEB-44CD-BCF3-496BA055443F}.Debug|Any CPU.Build.0 = Debug|Any CPU
		{D73069F2-DBEB-44CD-BCF3-496BA055443F}.Release|Any CPU.ActiveCfg = Release|Any CPU
		{D73069F2-DBEB-44CD-BCF3-496BA055443F}.Release|Any CPU.Build.0 = Release|Any CPU
		{D68BD337-F2DB-4F70-8E01-CCB98B562F08}.Debug|Any CPU.ActiveCfg = Debug|Any CPU
		{D68BD337-F2DB-4F70-8E01-CCB98B562F08}.Debug|Any CPU.Build.0 = Debug|Any CPU
		{D68BD337-F2DB-4F70-8E01-CCB98B562F08}.Release|Any CPU.ActiveCfg = Release|Any CPU
		{D68BD337-F2DB-4F70-8E01-CCB98B562F08}.Release|Any CPU.Build.0 = Release|Any CPU
		{D7A5F955-308C-4D30-A744-AD5883AB6222}.Debug|Any CPU.ActiveCfg = Debug|Any CPU
		{D7A5F955-308C-4D30-A744-AD5883AB6222}.Debug|Any CPU.Build.0 = Debug|Any CPU
		{D7A5F955-308C-4D30-A744-AD5883AB6222}.Release|Any CPU.ActiveCfg = Release|Any CPU
		{D7A5F955-308C-4D30-A744-AD5883AB6222}.Release|Any CPU.Build.0 = Release|Any CPU
		{DB7EC84B-3FF9-4032-8747-098884253BC4}.Debug|Any CPU.ActiveCfg = Debug|Any CPU
		{DB7EC84B-3FF9-4032-8747-098884253BC4}.Debug|Any CPU.Build.0 = Debug|Any CPU
		{DB7EC84B-3FF9-4032-8747-098884253BC4}.Release|Any CPU.ActiveCfg = Release|Any CPU
		{DB7EC84B-3FF9-4032-8747-098884253BC4}.Release|Any CPU.Build.0 = Release|Any CPU
		{F78A6CE9-4260-42F6-97EF-D946108C029F}.Debug|Any CPU.ActiveCfg = Debug|Any CPU
		{F78A6CE9-4260-42F6-97EF-D946108C029F}.Debug|Any CPU.Build.0 = Debug|Any CPU
		{F78A6CE9-4260-42F6-97EF-D946108C029F}.Release|Any CPU.ActiveCfg = Release|Any CPU
		{F78A6CE9-4260-42F6-97EF-D946108C029F}.Release|Any CPU.Build.0 = Release|Any CPU
		{3C7D8111-896D-4697-9D4D-4A8BD744F596}.Debug|Any CPU.ActiveCfg = Debug|Any CPU
		{3C7D8111-896D-4697-9D4D-4A8BD744F596}.Debug|Any CPU.Build.0 = Debug|Any CPU
		{3C7D8111-896D-4697-9D4D-4A8BD744F596}.Release|Any CPU.ActiveCfg = Release|Any CPU
		{3C7D8111-896D-4697-9D4D-4A8BD744F596}.Release|Any CPU.Build.0 = Release|Any CPU
		{DD7C4420-4711-40D3-BD0C-D73F4E9576C9}.Debug|Any CPU.ActiveCfg = Debug|Any CPU
		{DD7C4420-4711-40D3-BD0C-D73F4E9576C9}.Debug|Any CPU.Build.0 = Debug|Any CPU
		{DD7C4420-4711-40D3-BD0C-D73F4E9576C9}.Release|Any CPU.ActiveCfg = Release|Any CPU
		{DD7C4420-4711-40D3-BD0C-D73F4E9576C9}.Release|Any CPU.Build.0 = Release|Any CPU
		{D532F6FC-BDDC-4D1D-BBFD-0A9553E3259E}.Debug|Any CPU.ActiveCfg = Debug|Any CPU
		{D532F6FC-BDDC-4D1D-BBFD-0A9553E3259E}.Debug|Any CPU.Build.0 = Debug|Any CPU
		{D532F6FC-BDDC-4D1D-BBFD-0A9553E3259E}.Release|Any CPU.ActiveCfg = Release|Any CPU
		{D532F6FC-BDDC-4D1D-BBFD-0A9553E3259E}.Release|Any CPU.Build.0 = Release|Any CPU
		{E8F8EE9D-A458-414F-AE77-786730029FBB}.Debug|Any CPU.ActiveCfg = Debug|Any CPU
		{E8F8EE9D-A458-414F-AE77-786730029FBB}.Debug|Any CPU.Build.0 = Debug|Any CPU
		{E8F8EE9D-A458-414F-AE77-786730029FBB}.Release|Any CPU.ActiveCfg = Release|Any CPU
		{E8F8EE9D-A458-414F-AE77-786730029FBB}.Release|Any CPU.Build.0 = Release|Any CPU
	EndGlobalSection
	GlobalSection(SolutionProperties) = preSolution
		HideSolutionNode = FALSE
	EndGlobalSection
	GlobalSection(ExtensibilityGlobals) = postSolution
		SolutionGuid = {8783CF2E-8BA0-4C64-9ADD-A530A5CC48DC}
	EndGlobalSection
EndGlobal
