
Microsoft Visual Studio Solution File, Format Version 12.00
# Visual Studio Version 17
VisualStudioVersion = 17.11.35222.181
MinimumVisualStudioVersion = 10.0.40219.1
Project("{9A19103F-16F7-4668-BE54-9A1E7A4F7556}") = "Users.ConsoleApp.Listes", "Users.ConsoleApp.Listes\Users.ConsoleApp.Listes.csproj", "{8CA18522-D459-484C-B389-08415329101C}"
EndProject
Project("{9A19103F-16F7-4668-BE54-9A1E7A4F7556}") = "Users.ConsoleApp.Objects", "Users.ConsoleApp.Objects\Users.ConsoleApp.Objects.csproj", "{F6CDAA63-55FA-47E9-949C-19ED9971E055}"
EndProject
Project("{9A19103F-16F7-4668-BE54-9A1E7A4F7556}") = "Operateurs", "Operateurs\Operateurs.csproj", "{2C848124-1DD5-4497-AB0A-CF0D7B9C8CB0}"
EndProject
Project("{FAE04EC0-301F-11D3-BF4B-00C04F79EFBC}") = "Users.ConsoleApp.Serializer", "Users.ConsoleApp.Serializer\Users.ConsoleApp.Serializer.csproj", "{E0DCE87C-F9CF-44AB-BE54-212D923C2671}"
EndProject
Global
	GlobalSection(SolutionConfigurationPlatforms) = preSolution
		Debug|Any CPU = Debug|Any CPU
		Release|Any CPU = Release|Any CPU
	EndGlobalSection
	GlobalSection(ProjectConfigurationPlatforms) = postSolution
		{8CA18522-D459-484C-B389-08415329101C}.Debug|Any CPU.ActiveCfg = Debug|Any CPU
		{8CA18522-D459-484C-B389-08415329101C}.Debug|Any CPU.Build.0 = Debug|Any CPU
		{8CA18522-D459-484C-B389-08415329101C}.Release|Any CPU.ActiveCfg = Release|Any CPU
		{8CA18522-D459-484C-B389-08415329101C}.Release|Any CPU.Build.0 = Release|Any CPU
		{F6CDAA63-55FA-47E9-949C-19ED9971E055}.Debug|Any CPU.ActiveCfg = Debug|Any CPU
		{F6CDAA63-55FA-47E9-949C-19ED9971E055}.Debug|Any CPU.Build.0 = Debug|Any CPU
		{F6CDAA63-55FA-47E9-949C-19ED9971E055}.Release|Any CPU.ActiveCfg = Release|Any CPU
		{F6CDAA63-55FA-47E9-949C-19ED9971E055}.Release|Any CPU.Build.0 = Release|Any CPU
		{2C848124-1DD5-4497-AB0A-CF0D7B9C8CB0}.Debug|Any CPU.ActiveCfg = Debug|Any CPU
		{2C848124-1DD5-4497-AB0A-CF0D7B9C8CB0}.Debug|Any CPU.Build.0 = Debug|Any CPU
		{2C848124-1DD5-4497-AB0A-CF0D7B9C8CB0}.Release|Any CPU.ActiveCfg = Release|Any CPU
		{2C848124-1DD5-4497-AB0A-CF0D7B9C8CB0}.Release|Any CPU.Build.0 = Release|Any CPU
		{E0DCE87C-F9CF-44AB-BE54-212D923C2671}.Debug|Any CPU.ActiveCfg = Debug|Any CPU
		{E0DCE87C-F9CF-44AB-BE54-212D923C2671}.Debug|Any CPU.Build.0 = Debug|Any CPU
		{E0DCE87C-F9CF-44AB-BE54-212D923C2671}.Release|Any CPU.ActiveCfg = Release|Any CPU
		{E0DCE87C-F9CF-44AB-BE54-212D923C2671}.Release|Any CPU.Build.0 = Release|Any CPU
	EndGlobalSection
	GlobalSection(SolutionProperties) = preSolution
		HideSolutionNode = FALSE
	EndGlobalSection
	GlobalSection(ExtensibilityGlobals) = postSolution
		SolutionGuid = {906FC12B-01F5-4428-805E-7303E4D479D9}
	EndGlobalSection
EndGlobal
